// !$*UTF8*$!
{
	archiveVersion = 1;
	classes = {
	};
	objectVersion = 56;
	objects = {

/* Begin PBXBuildFile section */
		1739CD9F29D5AD1B0066EC38 /* AppDelegate.swift in Sources */ = {isa = PBXBuildFile; fileRef = 1739CD9E29D5AD1B0066EC38 /* AppDelegate.swift */; };
		1739CDA129D5AD1B0066EC38 /* SceneDelegate.swift in Sources */ = {isa = PBXBuildFile; fileRef = 1739CDA029D5AD1B0066EC38 /* SceneDelegate.swift */; };
		1739CDA329D5AD1B0066EC38 /* InGameViewController.swift in Sources */ = {isa = PBXBuildFile; fileRef = 1739CDA229D5AD1B0066EC38 /* InGameViewController.swift */; };
		1739CDA629D5AD1B0066EC38 /* Main.storyboard in Resources */ = {isa = PBXBuildFile; fileRef = 1739CDA429D5AD1B0066EC38 /* Main.storyboard */; };
		1739CDA829D5AD1C0066EC38 /* Assets.xcassets in Resources */ = {isa = PBXBuildFile; fileRef = 1739CDA729D5AD1C0066EC38 /* Assets.xcassets */; };
		1739CDAB29D5AD1C0066EC38 /* LaunchScreen.storyboard in Resources */ = {isa = PBXBuildFile; fileRef = 1739CDA929D5AD1C0066EC38 /* LaunchScreen.storyboard */; };
		1739CDB329D5AD6B0066EC38 /* MainViewController.swift in Sources */ = {isa = PBXBuildFile; fileRef = 1739CDB229D5AD6B0066EC38 /* MainViewController.swift */; };
		174D0DFE29E1164300978934 /* ChampionTableViewCell.swift in Sources */ = {isa = PBXBuildFile; fileRef = 174D0DFC29E1164300978934 /* ChampionTableViewCell.swift */; };
		174D0DFF29E1164300978934 /* ChampionTableViewCell.xib in Resources */ = {isa = PBXBuildFile; fileRef = 174D0DFD29E1164300978934 /* ChampionTableViewCell.xib */; };
		178B678D29E527020040D5F6 /* ItemShopViewController.swift in Sources */ = {isa = PBXBuildFile; fileRef = 178B678C29E527020040D5F6 /* ItemShopViewController.swift */; };
		178B679429E631CE0040D5F6 /* ItemTableViewCell.swift in Sources */ = {isa = PBXBuildFile; fileRef = 178B679229E631CE0040D5F6 /* ItemTableViewCell.swift */; };
		178B679529E631CE0040D5F6 /* ItemTableViewCell.xib in Resources */ = {isa = PBXBuildFile; fileRef = 178B679329E631CE0040D5F6 /* ItemTableViewCell.xib */; };
		17CDAFE429DFE0900024C8AB /* ChamptionListViewController.swift in Sources */ = {isa = PBXBuildFile; fileRef = 17CDAFE329DFE0900024C8AB /* ChamptionListViewController.swift */; };
		17F8067229E3F5A00009B603 /* InGame.swift in Sources */ = {isa = PBXBuildFile; fileRef = 17F8067129E3F5A00009B603 /* InGame.swift */; };
/* End PBXBuildFile section */

/* Begin PBXFileReference section */
		1739CD9B29D5AD1B0066EC38 /* leagueOfLegend.app */ = {isa = PBXFileReference; explicitFileType = wrapper.application; includeInIndex = 0; path = leagueOfLegend.app; sourceTree = BUILT_PRODUCTS_DIR; };
		1739CD9E29D5AD1B0066EC38 /* AppDelegate.swift */ = {isa = PBXFileReference; lastKnownFileType = sourcecode.swift; path = AppDelegate.swift; sourceTree = "<group>"; };
		1739CDA029D5AD1B0066EC38 /* SceneDelegate.swift */ = {isa = PBXFileReference; lastKnownFileType = sourcecode.swift; path = SceneDelegate.swift; sourceTree = "<group>"; };
		1739CDA229D5AD1B0066EC38 /* InGameViewController.swift */ = {isa = PBXFileReference; lastKnownFileType = sourcecode.swift; path = InGameViewController.swift; sourceTree = "<group>"; };
		1739CDA529D5AD1B0066EC38 /* Base */ = {isa = PBXFileReference; lastKnownFileType = file.storyboard; name = Base; path = Base.lproj/Main.storyboard; sourceTree = "<group>"; };
		1739CDA729D5AD1C0066EC38 /* Assets.xcassets */ = {isa = PBXFileReference; lastKnownFileType = folder.assetcatalog; path = Assets.xcassets; sourceTree = "<group>"; };
		1739CDAA29D5AD1C0066EC38 /* Base */ = {isa = PBXFileReference; lastKnownFileType = file.storyboard; name = Base; path = Base.lproj/LaunchScreen.storyboard; sourceTree = "<group>"; };
		1739CDAC29D5AD1C0066EC38 /* Info.plist */ = {isa = PBXFileReference; lastKnownFileType = text.plist.xml; path = Info.plist; sourceTree = "<group>"; };
		1739CDB229D5AD6B0066EC38 /* MainViewController.swift */ = {isa = PBXFileReference; lastKnownFileType = sourcecode.swift; path = MainViewController.swift; sourceTree = "<group>"; };
		174D0DFC29E1164300978934 /* ChampionTableViewCell.swift */ = {isa = PBXFileReference; lastKnownFileType = sourcecode.swift; path = ChampionTableViewCell.swift; sourceTree = "<group>"; };
		174D0DFD29E1164300978934 /* ChampionTableViewCell.xib */ = {isa = PBXFileReference; lastKnownFileType = file.xib; path = ChampionTableViewCell.xib; sourceTree = "<group>"; };
		178B678C29E527020040D5F6 /* ItemShopViewController.swift */ = {isa = PBXFileReference; lastKnownFileType = sourcecode.swift; path = ItemShopViewController.swift; sourceTree = "<group>"; };
		178B679229E631CE0040D5F6 /* ItemTableViewCell.swift */ = {isa = PBXFileReference; lastKnownFileType = sourcecode.swift; path = ItemTableViewCell.swift; sourceTree = "<group>"; };
		178B679329E631CE0040D5F6 /* ItemTableViewCell.xib */ = {isa = PBXFileReference; lastKnownFileType = file.xib; path = ItemTableViewCell.xib; sourceTree = "<group>"; };
		17CDAFE329DFE0900024C8AB /* ChamptionListViewController.swift */ = {isa = PBXFileReference; lastKnownFileType = sourcecode.swift; path = ChamptionListViewController.swift; sourceTree = "<group>"; };
		17F8067129E3F5A00009B603 /* InGame.swift */ = {isa = PBXFileReference; lastKnownFileType = sourcecode.swift; path = InGame.swift; sourceTree = "<group>"; };
/* End PBXFileReference section */

/* Begin PBXFrameworksBuildPhase section */
		1739CD9829D5AD1B0066EC38 /* Frameworks */ = {
			isa = PBXFrameworksBuildPhase;
			buildActionMask = 2147483647;
			files = (
			);
			runOnlyForDeploymentPostprocessing = 0;
		};
/* End PBXFrameworksBuildPhase section */

/* Begin PBXGroup section */
		1739CD9229D5AD1B0066EC38 = {
			isa = PBXGroup;
			children = (
				1739CD9D29D5AD1B0066EC38 /* leagueOfLegend */,
				1739CD9C29D5AD1B0066EC38 /* Products */,
			);
			sourceTree = "<group>";
		};
		1739CD9C29D5AD1B0066EC38 /* Products */ = {
			isa = PBXGroup;
			children = (
				1739CD9B29D5AD1B0066EC38 /* leagueOfLegend.app */,
			);
			name = Products;
			sourceTree = "<group>";
		};
		1739CD9D29D5AD1B0066EC38 /* leagueOfLegend */ = {
			isa = PBXGroup;
			children = (
				17F8067329E3F5AD0009B603 /* ViewController */,
				17F8067129E3F5A00009B603 /* InGame.swift */,
				1739CD9E29D5AD1B0066EC38 /* AppDelegate.swift */,
				1739CDA029D5AD1B0066EC38 /* SceneDelegate.swift */,
				1739CDA429D5AD1B0066EC38 /* Main.storyboard */,
				174D0DFC29E1164300978934 /* ChampionTableViewCell.swift */,
				174D0DFD29E1164300978934 /* ChampionTableViewCell.xib */,
				178B679229E631CE0040D5F6 /* ItemTableViewCell.swift */,
				178B679329E631CE0040D5F6 /* ItemTableViewCell.xib */,
				1739CDA729D5AD1C0066EC38 /* Assets.xcassets */,
				1739CDA929D5AD1C0066EC38 /* LaunchScreen.storyboard */,
				1739CDAC29D5AD1C0066EC38 /* Info.plist */,
			);
			path = leagueOfLegend;
			sourceTree = "<group>";
		};
		17F8067329E3F5AD0009B603 /* ViewController */ = {
			isa = PBXGroup;
			children = (
				1739CDA229D5AD1B0066EC38 /* InGameViewController.swift */,
				17CDAFE329DFE0900024C8AB /* ChamptionListViewController.swift */,
				178B678C29E527020040D5F6 /* ItemShopViewController.swift */,
				1739CDB229D5AD6B0066EC38 /* MainViewController.swift */,
			);
			path = ViewController;
			sourceTree = "<group>";
		};
/* End PBXGroup section */

/* Begin PBXNativeTarget section */
		1739CD9A29D5AD1B0066EC38 /* leagueOfLegend */ = {
			isa = PBXNativeTarget;
			buildConfigurationList = 1739CDAF29D5AD1C0066EC38 /* Build configuration list for PBXNativeTarget "leagueOfLegend" */;
			buildPhases = (
				1739CD9729D5AD1B0066EC38 /* Sources */,
				1739CD9829D5AD1B0066EC38 /* Frameworks */,
				1739CD9929D5AD1B0066EC38 /* Resources */,
			);
			buildRules = (
			);
			dependencies = (
			);
			name = leagueOfLegend;
			productName = leagueOfLegend;
			productReference = 1739CD9B29D5AD1B0066EC38 /* leagueOfLegend.app */;
			productType = "com.apple.product-type.application";
		};
/* End PBXNativeTarget section */

/* Begin PBXProject section */
		1739CD9329D5AD1B0066EC38 /* Project object */ = {
			isa = PBXProject;
			attributes = {
				BuildIndependentTargetsInParallel = 1;
				LastSwiftUpdateCheck = 1420;
				LastUpgradeCheck = 1420;
				TargetAttributes = {
					1739CD9A29D5AD1B0066EC38 = {
						CreatedOnToolsVersion = 14.2;
					};
				};
			};
			buildConfigurationList = 1739CD9629D5AD1B0066EC38 /* Build configuration list for PBXProject "leagueOfLegend" */;
			compatibilityVersion = "Xcode 14.0";
			developmentRegion = en;
			hasScannedForEncodings = 0;
			knownRegions = (
				en,
				Base,
			);
			mainGroup = 1739CD9229D5AD1B0066EC38;
			productRefGroup = 1739CD9C29D5AD1B0066EC38 /* Products */;
			projectDirPath = "";
			projectRoot = "";
			targets = (
				1739CD9A29D5AD1B0066EC38 /* leagueOfLegend */,
			);
		};
/* End PBXProject section */

/* Begin PBXResourcesBuildPhase section */
		1739CD9929D5AD1B0066EC38 /* Resources */ = {
			isa = PBXResourcesBuildPhase;
			buildActionMask = 2147483647;
			files = (
				174D0DFF29E1164300978934 /* ChampionTableViewCell.xib in Resources */,
				1739CDAB29D5AD1C0066EC38 /* LaunchScreen.storyboard in Resources */,
				1739CDA829D5AD1C0066EC38 /* Assets.xcassets in Resources */,
				178B679529E631CE0040D5F6 /* ItemTableViewCell.xib in Resources */,
				1739CDA629D5AD1B0066EC38 /* Main.storyboard in Resources */,
			);
			runOnlyForDeploymentPostprocessing = 0;
		};
/* End PBXResourcesBuildPhase section */

/* Begin PBXSourcesBuildPhase section */
		1739CD9729D5AD1B0066EC38 /* Sources */ = {
			isa = PBXSourcesBuildPhase;
			buildActionMask = 2147483647;
			files = (
				1739CDA329D5AD1B0066EC38 /* InGameViewController.swift in Sources */,
				178B679429E631CE0040D5F6 /* ItemTableViewCell.swift in Sources */,
				1739CD9F29D5AD1B0066EC38 /* AppDelegate.swift in Sources */,
				174D0DFE29E1164300978934 /* ChampionTableViewCell.swift in Sources */,
				1739CDA129D5AD1B0066EC38 /* SceneDelegate.swift in Sources */,
				1739CDB329D5AD6B0066EC38 /* MainViewController.swift in Sources */,
				17CDAFE429DFE0900024C8AB /* ChamptionListViewController.swift in Sources */,
				17F8067229E3F5A00009B603 /* InGame.swift in Sources */,
				178B678D29E527020040D5F6 /* ItemShopViewController.swift in Sources */,
			);
			runOnlyForDeploymentPostprocessing = 0;
		};
/* End PBXSourcesBuildPhase section */

/* Begin PBXVariantGroup section */
		1739CDA429D5AD1B0066EC38 /* Main.storyboard */ = {
			isa = PBXVariantGroup;
			children = (
				1739CDA529D5AD1B0066EC38 /* Base */,
			);
			name = Main.storyboard;
			sourceTree = "<group>";
		};
		1739CDA929D5AD1C0066EC38 /* LaunchScreen.storyboard */ = {
			isa = PBXVariantGroup;
			children = (
				1739CDAA29D5AD1C0066EC38 /* Base */,
			);
			name = LaunchScreen.storyboard;
			sourceTree = "<group>";
		};
/* End PBXVariantGroup section */

/* Begin XCBuildConfiguration section */
		1739CDAD29D5AD1C0066EC38 /* Debug */ = {
			isa = XCBuildConfiguration;
			buildSettings = {
				ALWAYS_SEARCH_USER_PATHS = NO;
				CLANG_ANALYZER_NONNULL = YES;
				CLANG_ANALYZER_NUMBER_OBJECT_CONVERSION = YES_AGGRESSIVE;
				CLANG_CXX_LANGUAGE_STANDARD = "gnu++20";
				CLANG_ENABLE_MODULES = YES;
				CLANG_ENABLE_OBJC_ARC = YES;
				CLANG_ENABLE_OBJC_WEAK = YES;
				CLANG_WARN_BLOCK_CAPTURE_AUTORELEASING = YES;
				CLANG_WARN_BOOL_CONVERSION = YES;
				CLANG_WARN_COMMA = YES;
				CLANG_WARN_CONSTANT_CONVERSION = YES;
				CLANG_WARN_DEPRECATED_OBJC_IMPLEMENTATIONS = YES;
				CLANG_WARN_DIRECT_OBJC_ISA_USAGE = YES_ERROR;
				CLANG_WARN_DOCUMENTATION_COMMENTS = YES;
				CLANG_WARN_EMPTY_BODY = YES;
				CLANG_WARN_ENUM_CONVERSION = YES;
				CLANG_WARN_INFINITE_RECURSION = YES;
				CLANG_WARN_INT_CONVERSION = YES;
				CLANG_WARN_NON_LITERAL_NULL_CONVERSION = YES;
				CLANG_WARN_OBJC_IMPLICIT_RETAIN_SELF = YES;
				CLANG_WARN_OBJC_LITERAL_CONVERSION = YES;
				CLANG_WARN_OBJC_ROOT_CLASS = YES_ERROR;
				CLANG_WARN_QUOTED_INCLUDE_IN_FRAMEWORK_HEADER = YES;
				CLANG_WARN_RANGE_LOOP_ANALYSIS = YES;
				CLANG_WARN_STRICT_PROTOTYPES = YES;
				CLANG_WARN_SUSPICIOUS_MOVE = YES;
				CLANG_WARN_UNGUARDED_AVAILABILITY = YES_AGGRESSIVE;
				CLANG_WARN_UNREACHABLE_CODE = YES;
				CLANG_WARN__DUPLICATE_METHOD_MATCH = YES;
				COPY_PHASE_STRIP = NO;
				DEBUG_INFORMATION_FORMAT = dwarf;
				ENABLE_STRICT_OBJC_MSGSEND = YES;
				ENABLE_TESTABILITY = YES;
				GCC_C_LANGUAGE_STANDARD = gnu11;
				GCC_DYNAMIC_NO_PIC = NO;
				GCC_NO_COMMON_BLOCKS = YES;
				GCC_OPTIMIZATION_LEVEL = 0;
				GCC_PREPROCESSOR_DEFINITIONS = (
					"DEBUG=1",
					"$(inherited)",
				);
				GCC_WARN_64_TO_32_BIT_CONVERSION = YES;
				GCC_WARN_ABOUT_RETURN_TYPE = YES_ERROR;
				GCC_WARN_UNDECLARED_SELECTOR = YES;
				GCC_WARN_UNINITIALIZED_AUTOS = YES_AGGRESSIVE;
				GCC_WARN_UNUSED_FUNCTION = YES;
				GCC_WARN_UNUSED_VARIABLE = YES;
				IPHONEOS_DEPLOYMENT_TARGET = 16.2;
				MTL_ENABLE_DEBUG_INFO = INCLUDE_SOURCE;
				MTL_FAST_MATH = YES;
				ONLY_ACTIVE_ARCH = YES;
				SDKROOT = iphoneos;
				SWIFT_ACTIVE_COMPILATION_CONDITIONS = DEBUG;
				SWIFT_OPTIMIZATION_LEVEL = "-Onone";
			};
			name = Debug;
		};
		1739CDAE29D5AD1C0066EC38 /* Release */ = {
			isa = XCBuildConfiguration;
			buildSettings = {
				ALWAYS_SEARCH_USER_PATHS = NO;
				CLANG_ANALYZER_NONNULL = YES;
				CLANG_ANALYZER_NUMBER_OBJECT_CONVERSION = YES_AGGRESSIVE;
				CLANG_CXX_LANGUAGE_STANDARD = "gnu++20";
				CLANG_ENABLE_MODULES = YES;
				CLANG_ENABLE_OBJC_ARC = YES;
				CLANG_ENABLE_OBJC_WEAK = YES;
				CLANG_WARN_BLOCK_CAPTURE_AUTORELEASING = YES;
				CLANG_WARN_BOOL_CONVERSION = YES;
				CLANG_WARN_COMMA = YES;
				CLANG_WARN_CONSTANT_CONVERSION = YES;
				CLANG_WARN_DEPRECATED_OBJC_IMPLEMENTATIONS = YES;
				CLANG_WARN_DIRECT_OBJC_ISA_USAGE = YES_ERROR;
				CLANG_WARN_DOCUMENTATION_COMMENTS = YES;
				CLANG_WARN_EMPTY_BODY = YES;
				CLANG_WARN_ENUM_CONVERSION = YES;
				CLANG_WARN_INFINITE_RECURSION = YES;
				CLANG_WARN_INT_CONVERSION = YES;
				CLANG_WARN_NON_LITERAL_NULL_CONVERSION = YES;
				CLANG_WARN_OBJC_IMPLICIT_RETAIN_SELF = YES;
				CLANG_WARN_OBJC_LITERAL_CONVERSION = YES;
				CLANG_WARN_OBJC_ROOT_CLASS = YES_ERROR;
				CLANG_WARN_QUOTED_INCLUDE_IN_FRAMEWORK_HEADER = YES;
				CLANG_WARN_RANGE_LOOP_ANALYSIS = YES;
				CLANG_WARN_STRICT_PROTOTYPES = YES;
				CLANG_WARN_SUSPICIOUS_MOVE = YES;
				CLANG_WARN_UNGUARDED_AVAILABILITY = YES_AGGRESSIVE;
				CLANG_WARN_UNREACHABLE_CODE = YES;
				CLANG_WARN__DUPLICATE_METHOD_MATCH = YES;
				COPY_PHASE_STRIP = NO;
				DEBUG_INFORMATION_FORMAT = "dwarf-with-dsym";
				ENABLE_NS_ASSERTIONS = NO;
				ENABLE_STRICT_OBJC_MSGSEND = YES;
				GCC_C_LANGUAGE_STANDARD = gnu11;
				GCC_NO_COMMON_BLOCKS = YES;
				GCC_WARN_64_TO_32_BIT_CONVERSION = YES;
				GCC_WARN_ABOUT_RETURN_TYPE = YES_ERROR;
				GCC_WARN_UNDECLARED_SELECTOR = YES;
				GCC_WARN_UNINITIALIZED_AUTOS = YES_AGGRESSIVE;
				GCC_WARN_UNUSED_FUNCTION = YES;
				GCC_WARN_UNUSED_VARIABLE = YES;
				IPHONEOS_DEPLOYMENT_TARGET = 16.2;
				MTL_ENABLE_DEBUG_INFO = NO;
				MTL_FAST_MATH = YES;
				SDKROOT = iphoneos;
				SWIFT_COMPILATION_MODE = wholemodule;
				SWIFT_OPTIMIZATION_LEVEL = "-O";
				VALIDATE_PRODUCT = YES;
			};
			name = Release;
		};
		1739CDB029D5AD1C0066EC38 /* Debug */ = {
			isa = XCBuildConfiguration;
			buildSettings = {
				ASSETCATALOG_COMPILER_APPICON_NAME = AppIcon;
				ASSETCATALOG_COMPILER_GLOBAL_ACCENT_COLOR_NAME = AccentColor;
				CODE_SIGN_STYLE = Automatic;
				CURRENT_PROJECT_VERSION = 1;
				DEVELOPMENT_TEAM = H5BHKL6637;
				GENERATE_INFOPLIST_FILE = YES;
				INFOPLIST_FILE = leagueOfLegend/Info.plist;
				INFOPLIST_KEY_UIApplicationSupportsIndirectInputEvents = YES;
				INFOPLIST_KEY_UILaunchStoryboardName = LaunchScreen;
				INFOPLIST_KEY_UIMainStoryboardFile = Main;
				INFOPLIST_KEY_UISupportedInterfaceOrientations = UIInterfaceOrientationPortrait;
				LD_RUNPATH_SEARCH_PATHS = (
					"$(inherited)",
					"@executable_path/Frameworks",
				);
				MARKETING_VERSION = 1.0;
				PRODUCT_BUNDLE_IDENTIFIER = KwonHyeonSeok.leagueOfLegend;
				PRODUCT_NAME = "$(TARGET_NAME)";
				SWIFT_EMIT_LOC_STRINGS = YES;
				SWIFT_VERSION = 5.0;
				TARGETED_DEVICE_FAMILY = "1,2";
			};
			name = Debug;
		};
		1739CDB129D5AD1C0066EC38 /* Release */ = {
			isa = XCBuildConfiguration;
			buildSettings = {
				ASSETCATALOG_COMPILER_APPICON_NAME = AppIcon;
				ASSETCATALOG_COMPILER_GLOBAL_ACCENT_COLOR_NAME = AccentColor;
				CODE_SIGN_STYLE = Automatic;
				CURRENT_PROJECT_VERSION = 1;
				DEVELOPMENT_TEAM = H5BHKL6637;
				GENERATE_INFOPLIST_FILE = YES;
				INFOPLIST_FILE = leagueOfLegend/Info.plist;
				INFOPLIST_KEY_UIApplicationSupportsIndirectInputEvents = YES;
				INFOPLIST_KEY_UILaunchStoryboardName = LaunchScreen;
				INFOPLIST_KEY_UIMainStoryboardFile = Main;
				INFOPLIST_KEY_UISupportedInterfaceOrientations = UIInterfaceOrientationPortrait;
				LD_RUNPATH_SEARCH_PATHS = (
					"$(inherited)",
					"@executable_path/Frameworks",
				);
				MARKETING_VERSION = 1.0;
				PRODUCT_BUNDLE_IDENTIFIER = KwonHyeonSeok.leagueOfLegend;
				PRODUCT_NAME = "$(TARGET_NAME)";
				SWIFT_EMIT_LOC_STRINGS = YES;
				SWIFT_VERSION = 5.0;
				TARGETED_DEVICE_FAMILY = "1,2";
			};
			name = Release;
		};
/* End XCBuildConfiguration section */

/* Begin XCConfigurationList section */
		1739CD9629D5AD1B0066EC38 /* Build configuration list for PBXProject "leagueOfLegend" */ = {
			isa = XCConfigurationList;
			buildConfigurations = (
				1739CDAD29D5AD1C0066EC38 /* Debug */,
				1739CDAE29D5AD1C0066EC38 /* Release */,
			);
			defaultConfigurationIsVisible = 0;
			defaultConfigurationName = Release;
		};
		1739CDAF29D5AD1C0066EC38 /* Build configuration list for PBXNativeTarget "leagueOfLegend" */ = {
			isa = XCConfigurationList;
			buildConfigurations = (
				1739CDB029D5AD1C0066EC38 /* Debug */,
				1739CDB129D5AD1C0066EC38 /* Release */,
			);
			defaultConfigurationIsVisible = 0;
			defaultConfigurationName = Release;
		};
/* End XCConfigurationList section */
	};
	rootObject = 1739CD9329D5AD1B0066EC38 /* Project object */;
}
