// !$*UTF8*$!
{
	archiveVersion = 1;
	classes = {
	};
	objectVersion = 56;
	objects = {

/* Begin PBXBuildFile section */
		171A64CD2A18E4A300AF239B /* AppDelegate.swift in Sources */ = {isa = PBXBuildFile; fileRef = 171A64CC2A18E4A300AF239B /* AppDelegate.swift */; };
		171A64CF2A18E4A300AF239B /* SceneDelegate.swift in Sources */ = {isa = PBXBuildFile; fileRef = 171A64CE2A18E4A300AF239B /* SceneDelegate.swift */; };
		171A64D12A18E4A300AF239B /* BoxOfficeViewController.swift in Sources */ = {isa = PBXBuildFile; fileRef = 171A64D02A18E4A300AF239B /* BoxOfficeViewController.swift */; };
		171A64D42A18E4A300AF239B /* Main.storyboard in Resources */ = {isa = PBXBuildFile; fileRef = 171A64D22A18E4A300AF239B /* Main.storyboard */; };
		171A64D62A18E4A400AF239B /* Assets.xcassets in Resources */ = {isa = PBXBuildFile; fileRef = 171A64D52A18E4A400AF239B /* Assets.xcassets */; };
		171A64D92A18E4A400AF239B /* LaunchScreen.storyboard in Resources */ = {isa = PBXBuildFile; fileRef = 171A64D72A18E4A400AF239B /* LaunchScreen.storyboard */; };
		171A64E22A18E5F700AF239B /* SnapKit in Frameworks */ = {isa = PBXBuildFile; productRef = 171A64E12A18E5F700AF239B /* SnapKit */; };
		171A64E52A18EAE500AF239B /* Moya in Frameworks */ = {isa = PBXBuildFile; productRef = 171A64E42A18EAE500AF239B /* Moya */; };
		171A64E72A18EB4E00AF239B /* MovieAPIService.swift in Sources */ = {isa = PBXBuildFile; fileRef = 171A64E62A18EB4E00AF239B /* MovieAPIService.swift */; };
		171A64E92A19E73500AF239B /* BoxOfficeResponse.swift in Sources */ = {isa = PBXBuildFile; fileRef = 171A64E82A19E73500AF239B /* BoxOfficeResponse.swift */; };
		171A64ED2A1B1FD900AF239B /* API NetWorking.swift in Sources */ = {isa = PBXBuildFile; fileRef = 171A64EC2A1B1FD900AF239B /* API NetWorking.swift */; };
		171A64EF2A1B646E00AF239B /* SectionHeaderView.swift in Sources */ = {isa = PBXBuildFile; fileRef = 171A64EE2A1B646E00AF239B /* SectionHeaderView.swift */; };
		171A64F12A1BAF0800AF239B /* MovieListViewController.swift in Sources */ = {isa = PBXBuildFile; fileRef = 171A64F02A1BAF0800AF239B /* MovieListViewController.swift */; };
		171A64F32A1BAF2600AF239B /* ActorListViewController.swift in Sources */ = {isa = PBXBuildFile; fileRef = 171A64F22A1BAF2600AF239B /* ActorListViewController.swift */; };
		17B32FF12A1C7CCB001CE476 /* MovieListResponse.swift in Sources */ = {isa = PBXBuildFile; fileRef = 17B32FF02A1C7CCB001CE476 /* MovieListResponse.swift */; };
		17B32FF32A1C7D29001CE476 /* ActorListResonse.swift in Sources */ = {isa = PBXBuildFile; fileRef = 17B32FF22A1C7D29001CE476 /* ActorListResonse.swift */; };
		17B32FF52A1C83B0001CE476 /* BoxOfficeTableViewCell.swift in Sources */ = {isa = PBXBuildFile; fileRef = 17B32FF42A1C83B0001CE476 /* BoxOfficeTableViewCell.swift */; };
		17B32FF72A1C83D4001CE476 /* MovieListTableViewCell.swift in Sources */ = {isa = PBXBuildFile; fileRef = 17B32FF62A1C83D4001CE476 /* MovieListTableViewCell.swift */; };
		17B32FF92A1C83DD001CE476 /* ActorListTableViewCell.swift in Sources */ = {isa = PBXBuildFile; fileRef = 17B32FF82A1C83DD001CE476 /* ActorListTableViewCell.swift */; };
/* End PBXBuildFile section */

/* Begin PBXFileReference section */
		171A64C92A18E4A300AF239B /* movieApp.app */ = {isa = PBXFileReference; explicitFileType = wrapper.application; includeInIndex = 0; path = movieApp.app; sourceTree = BUILT_PRODUCTS_DIR; };
		171A64CC2A18E4A300AF239B /* AppDelegate.swift */ = {isa = PBXFileReference; lastKnownFileType = sourcecode.swift; path = AppDelegate.swift; sourceTree = "<group>"; };
		171A64CE2A18E4A300AF239B /* SceneDelegate.swift */ = {isa = PBXFileReference; lastKnownFileType = sourcecode.swift; path = SceneDelegate.swift; sourceTree = "<group>"; };
		171A64D02A18E4A300AF239B /* BoxOfficeViewController.swift */ = {isa = PBXFileReference; lastKnownFileType = sourcecode.swift; path = BoxOfficeViewController.swift; sourceTree = "<group>"; };
		171A64D32A18E4A300AF239B /* Base */ = {isa = PBXFileReference; lastKnownFileType = file.storyboard; name = Base; path = Base.lproj/Main.storyboard; sourceTree = "<group>"; };
		171A64D52A18E4A400AF239B /* Assets.xcassets */ = {isa = PBXFileReference; lastKnownFileType = folder.assetcatalog; path = Assets.xcassets; sourceTree = "<group>"; };
		171A64D82A18E4A400AF239B /* Base */ = {isa = PBXFileReference; lastKnownFileType = file.storyboard; name = Base; path = Base.lproj/LaunchScreen.storyboard; sourceTree = "<group>"; };
		171A64DA2A18E4A400AF239B /* Info.plist */ = {isa = PBXFileReference; lastKnownFileType = text.plist.xml; path = Info.plist; sourceTree = "<group>"; };
		171A64E62A18EB4E00AF239B /* MovieAPIService.swift */ = {isa = PBXFileReference; lastKnownFileType = sourcecode.swift; path = MovieAPIService.swift; sourceTree = "<group>"; };
		171A64E82A19E73500AF239B /* BoxOfficeResponse.swift */ = {isa = PBXFileReference; lastKnownFileType = sourcecode.swift; path = BoxOfficeResponse.swift; sourceTree = "<group>"; };
		171A64EC2A1B1FD900AF239B /* API NetWorking.swift */ = {isa = PBXFileReference; lastKnownFileType = sourcecode.swift; path = "API NetWorking.swift"; sourceTree = "<group>"; };
		171A64EE2A1B646E00AF239B /* SectionHeaderView.swift */ = {isa = PBXFileReference; lastKnownFileType = sourcecode.swift; path = SectionHeaderView.swift; sourceTree = "<group>"; };
		171A64F02A1BAF0800AF239B /* MovieListViewController.swift */ = {isa = PBXFileReference; lastKnownFileType = sourcecode.swift; name = MovieListViewController.swift; path = movieApp/ViewController/MovieListViewController.swift; sourceTree = SOURCE_ROOT; };
		171A64F22A1BAF2600AF239B /* ActorListViewController.swift */ = {isa = PBXFileReference; lastKnownFileType = sourcecode.swift; path = ActorListViewController.swift; sourceTree = "<group>"; };
		17B32FF02A1C7CCB001CE476 /* MovieListResponse.swift */ = {isa = PBXFileReference; lastKnownFileType = sourcecode.swift; path = MovieListResponse.swift; sourceTree = SOURCE_ROOT; };
		17B32FF22A1C7D29001CE476 /* ActorListResonse.swift */ = {isa = PBXFileReference; lastKnownFileType = sourcecode.swift; path = ActorListResonse.swift; sourceTree = "<group>"; };
		17B32FF42A1C83B0001CE476 /* BoxOfficeTableViewCell.swift */ = {isa = PBXFileReference; lastKnownFileType = sourcecode.swift; path = BoxOfficeTableViewCell.swift; sourceTree = "<group>"; };
		17B32FF62A1C83D4001CE476 /* MovieListTableViewCell.swift */ = {isa = PBXFileReference; lastKnownFileType = sourcecode.swift; path = MovieListTableViewCell.swift; sourceTree = "<group>"; };
		17B32FF82A1C83DD001CE476 /* ActorListTableViewCell.swift */ = {isa = PBXFileReference; lastKnownFileType = sourcecode.swift; path = ActorListTableViewCell.swift; sourceTree = "<group>"; };
/* End PBXFileReference section */

/* Begin PBXFrameworksBuildPhase section */
		171A64C62A18E4A300AF239B /* Frameworks */ = {
			isa = PBXFrameworksBuildPhase;
			buildActionMask = 2147483647;
			files = (
				171A64E52A18EAE500AF239B /* Moya in Frameworks */,
				171A64E22A18E5F700AF239B /* SnapKit in Frameworks */,
			);
			runOnlyForDeploymentPostprocessing = 0;
		};
/* End PBXFrameworksBuildPhase section */

/* Begin PBXGroup section */
		171A64C02A18E4A300AF239B = {
			isa = PBXGroup;
			children = (
				171A64CB2A18E4A300AF239B /* movieApp */,
				171A64CA2A18E4A300AF239B /* Products */,
			);
			sourceTree = "<group>";
		};
		171A64CA2A18E4A300AF239B /* Products */ = {
			isa = PBXGroup;
			children = (
				171A64C92A18E4A300AF239B /* movieApp.app */,
			);
			name = Products;
			sourceTree = "<group>";
		};
		171A64CB2A18E4A300AF239B /* movieApp */ = {
			isa = PBXGroup;
			children = (
				171A64CC2A18E4A300AF239B /* AppDelegate.swift */,
				171A64CE2A18E4A300AF239B /* SceneDelegate.swift */,
				171A64F42A1C4ADB00AF239B /* ViewController */,
				171A64F62A1C4B0A00AF239B /* API */,
				171A64F52A1C4AF500AF239B /* CustomView */,
				171A64D22A18E4A300AF239B /* Main.storyboard */,
				171A64D52A18E4A400AF239B /* Assets.xcassets */,
				171A64D72A18E4A400AF239B /* LaunchScreen.storyboard */,
				171A64DA2A18E4A400AF239B /* Info.plist */,
			);
			path = movieApp;
			sourceTree = "<group>";
		};
		171A64F42A1C4ADB00AF239B /* ViewController */ = {
			isa = PBXGroup;
			children = (
				171A64D02A18E4A300AF239B /* BoxOfficeViewController.swift */,
				171A64F02A1BAF0800AF239B /* MovieListViewController.swift */,
				171A64F22A1BAF2600AF239B /* ActorListViewController.swift */,
			);
			path = ViewController;
			sourceTree = "<group>";
		};
		171A64F52A1C4AF500AF239B /* CustomView */ = {
			isa = PBXGroup;
			children = (
				171A64EE2A1B646E00AF239B /* SectionHeaderView.swift */,
				17B32FF42A1C83B0001CE476 /* BoxOfficeTableViewCell.swift */,
				17B32FF62A1C83D4001CE476 /* MovieListTableViewCell.swift */,
				17B32FF82A1C83DD001CE476 /* ActorListTableViewCell.swift */,
			);
			path = CustomView;
			sourceTree = "<group>";
		};
		171A64F62A1C4B0A00AF239B /* API */ = {
			isa = PBXGroup;
			children = (
				171A64EC2A1B1FD900AF239B /* API NetWorking.swift */,
				171A64E62A18EB4E00AF239B /* MovieAPIService.swift */,
				171A64E82A19E73500AF239B /* BoxOfficeResponse.swift */,
				17B32FF02A1C7CCB001CE476 /* MovieListResponse.swift */,
				17B32FF22A1C7D29001CE476 /* ActorListResonse.swift */,
			);
			path = API;
			sourceTree = "<group>";
		};
/* End PBXGroup section */

/* Begin PBXNativeTarget section */
		171A64C82A18E4A300AF239B /* movieApp */ = {
			isa = PBXNativeTarget;
			buildConfigurationList = 171A64DD2A18E4A400AF239B /* Build configuration list for PBXNativeTarget "movieApp" */;
			buildPhases = (
				171A64C52A18E4A300AF239B /* Sources */,
				171A64C62A18E4A300AF239B /* Frameworks */,
				171A64C72A18E4A300AF239B /* Resources */,
			);
			buildRules = (
			);
			dependencies = (
			);
			name = movieApp;
			packageProductDependencies = (
				171A64E12A18E5F700AF239B /* SnapKit */,
				171A64E42A18EAE500AF239B /* Moya */,
			);
			productName = movieApp;
			productReference = 171A64C92A18E4A300AF239B /* movieApp.app */;
			productType = "com.apple.product-type.application";
		};
/* End PBXNativeTarget section */

/* Begin PBXProject section */
		171A64C12A18E4A300AF239B /* Project object */ = {
			isa = PBXProject;
			attributes = {
				BuildIndependentTargetsInParallel = 1;
				LastSwiftUpdateCheck = 1420;
				LastUpgradeCheck = 1420;
				TargetAttributes = {
					171A64C82A18E4A300AF239B = {
						CreatedOnToolsVersion = 14.2;
					};
				};
			};
			buildConfigurationList = 171A64C42A18E4A300AF239B /* Build configuration list for PBXProject "movieApp" */;
			compatibilityVersion = "Xcode 14.0";
			developmentRegion = en;
			hasScannedForEncodings = 0;
			knownRegions = (
				en,
				Base,
			);
			mainGroup = 171A64C02A18E4A300AF239B;
			packageReferences = (
				171A64E02A18E5F700AF239B /* XCRemoteSwiftPackageReference "SnapKit" */,
				171A64E32A18EAE500AF239B /* XCRemoteSwiftPackageReference "Moya" */,
			);
			productRefGroup = 171A64CA2A18E4A300AF239B /* Products */;
			projectDirPath = "";
			projectRoot = "";
			targets = (
				171A64C82A18E4A300AF239B /* movieApp */,
			);
		};
/* End PBXProject section */

/* Begin PBXResourcesBuildPhase section */
		171A64C72A18E4A300AF239B /* Resources */ = {
			isa = PBXResourcesBuildPhase;
			buildActionMask = 2147483647;
			files = (
				171A64D92A18E4A400AF239B /* LaunchScreen.storyboard in Resources */,
				171A64D62A18E4A400AF239B /* Assets.xcassets in Resources */,
				171A64D42A18E4A300AF239B /* Main.storyboard in Resources */,
			);
			runOnlyForDeploymentPostprocessing = 0;
		};
/* End PBXResourcesBuildPhase section */

/* Begin PBXSourcesBuildPhase section */
		171A64C52A18E4A300AF239B /* Sources */ = {
			isa = PBXSourcesBuildPhase;
			buildActionMask = 2147483647;
			files = (
				171A64F32A1BAF2600AF239B /* ActorListViewController.swift in Sources */,
				171A64D12A18E4A300AF239B /* BoxOfficeViewController.swift in Sources */,
				171A64E72A18EB4E00AF239B /* MovieAPIService.swift in Sources */,
				171A64ED2A1B1FD900AF239B /* API NetWorking.swift in Sources */,
				171A64E92A19E73500AF239B /* BoxOfficeResponse.swift in Sources */,
				17B32FF12A1C7CCB001CE476 /* MovieListResponse.swift in Sources */,
				171A64CD2A18E4A300AF239B /* AppDelegate.swift in Sources */,
				17B32FF92A1C83DD001CE476 /* ActorListTableViewCell.swift in Sources */,
				171A64F12A1BAF0800AF239B /* MovieListViewController.swift in Sources */,
				17B32FF72A1C83D4001CE476 /* MovieListTableViewCell.swift in Sources */,
				17B32FF32A1C7D29001CE476 /* ActorListResonse.swift in Sources */,
				171A64EF2A1B646E00AF239B /* SectionHeaderView.swift in Sources */,
				17B32FF52A1C83B0001CE476 /* BoxOfficeTableViewCell.swift in Sources */,
				171A64CF2A18E4A300AF239B /* SceneDelegate.swift in Sources */,
			);
			runOnlyForDeploymentPostprocessing = 0;
		};
/* End PBXSourcesBuildPhase section */

/* Begin PBXVariantGroup section */
		171A64D22A18E4A300AF239B /* Main.storyboard */ = {
			isa = PBXVariantGroup;
			children = (
				171A64D32A18E4A300AF239B /* Base */,
			);
			name = Main.storyboard;
			sourceTree = "<group>";
		};
		171A64D72A18E4A400AF239B /* LaunchScreen.storyboard */ = {
			isa = PBXVariantGroup;
			children = (
				171A64D82A18E4A400AF239B /* Base */,
			);
			name = LaunchScreen.storyboard;
			sourceTree = "<group>";
		};
/* End PBXVariantGroup section */

/* Begin XCBuildConfiguration section */
		171A64DB2A18E4A400AF239B /* Debug */ = {
			isa = XCBuildConfiguration;
			buildSettings = {
				ALWAYS_SEARCH_USER_PATHS = NO;
				CLANG_ANALYZER_NONNULL = YES;
				CLANG_ANALYZER_NUMBER_OBJECT_CONVERSION = YES_AGGRESSIVE;
				CLANG_CXX_LANGUAGE_STANDARD = "gnu++20";
				CLANG_ENABLE_MODULES = YES;
				CLANG_ENABLE_OBJC_ARC = YES;
				CLANG_ENABLE_OBJC_WEAK = YES;
				CLANG_WARN_BLOCK_CAPTURE_AUTORELEASING = YES;
				CLANG_WARN_BOOL_CONVERSION = YES;
				CLANG_WARN_COMMA = YES;
				CLANG_WARN_CONSTANT_CONVERSION = YES;
				CLANG_WARN_DEPRECATED_OBJC_IMPLEMENTATIONS = YES;
				CLANG_WARN_DIRECT_OBJC_ISA_USAGE = YES_ERROR;
				CLANG_WARN_DOCUMENTATION_COMMENTS = YES;
				CLANG_WARN_EMPTY_BODY = YES;
				CLANG_WARN_ENUM_CONVERSION = YES;
				CLANG_WARN_INFINITE_RECURSION = YES;
				CLANG_WARN_INT_CONVERSION = YES;
				CLANG_WARN_NON_LITERAL_NULL_CONVERSION = YES;
				CLANG_WARN_OBJC_IMPLICIT_RETAIN_SELF = YES;
				CLANG_WARN_OBJC_LITERAL_CONVERSION = YES;
				CLANG_WARN_OBJC_ROOT_CLASS = YES_ERROR;
				CLANG_WARN_QUOTED_INCLUDE_IN_FRAMEWORK_HEADER = YES;
				CLANG_WARN_RANGE_LOOP_ANALYSIS = YES;
				CLANG_WARN_STRICT_PROTOTYPES = YES;
				CLANG_WARN_SUSPICIOUS_MOVE = YES;
				CLANG_WARN_UNGUARDED_AVAILABILITY = YES_AGGRESSIVE;
				CLANG_WARN_UNREACHABLE_CODE = YES;
				CLANG_WARN__DUPLICATE_METHOD_MATCH = YES;
				COPY_PHASE_STRIP = NO;
				DEBUG_INFORMATION_FORMAT = dwarf;
				ENABLE_STRICT_OBJC_MSGSEND = YES;
				ENABLE_TESTABILITY = YES;
				GCC_C_LANGUAGE_STANDARD = gnu11;
				GCC_DYNAMIC_NO_PIC = NO;
				GCC_NO_COMMON_BLOCKS = YES;
				GCC_OPTIMIZATION_LEVEL = 0;
				GCC_PREPROCESSOR_DEFINITIONS = (
					"DEBUG=1",
					"$(inherited)",
				);
				GCC_WARN_64_TO_32_BIT_CONVERSION = YES;
				GCC_WARN_ABOUT_RETURN_TYPE = YES_ERROR;
				GCC_WARN_UNDECLARED_SELECTOR = YES;
				GCC_WARN_UNINITIALIZED_AUTOS = YES_AGGRESSIVE;
				GCC_WARN_UNUSED_FUNCTION = YES;
				GCC_WARN_UNUSED_VARIABLE = YES;
				IPHONEOS_DEPLOYMENT_TARGET = 16.2;
				MTL_ENABLE_DEBUG_INFO = INCLUDE_SOURCE;
				MTL_FAST_MATH = YES;
				ONLY_ACTIVE_ARCH = YES;
				SDKROOT = iphoneos;
				SWIFT_ACTIVE_COMPILATION_CONDITIONS = DEBUG;
				SWIFT_OPTIMIZATION_LEVEL = "-Onone";
			};
			name = Debug;
		};
		171A64DC2A18E4A400AF239B /* Release */ = {
			isa = XCBuildConfiguration;
			buildSettings = {
				ALWAYS_SEARCH_USER_PATHS = NO;
				CLANG_ANALYZER_NONNULL = YES;
				CLANG_ANALYZER_NUMBER_OBJECT_CONVERSION = YES_AGGRESSIVE;
				CLANG_CXX_LANGUAGE_STANDARD = "gnu++20";
				CLANG_ENABLE_MODULES = YES;
				CLANG_ENABLE_OBJC_ARC = YES;
				CLANG_ENABLE_OBJC_WEAK = YES;
				CLANG_WARN_BLOCK_CAPTURE_AUTORELEASING = YES;
				CLANG_WARN_BOOL_CONVERSION = YES;
				CLANG_WARN_COMMA = YES;
				CLANG_WARN_CONSTANT_CONVERSION = YES;
				CLANG_WARN_DEPRECATED_OBJC_IMPLEMENTATIONS = YES;
				CLANG_WARN_DIRECT_OBJC_ISA_USAGE = YES_ERROR;
				CLANG_WARN_DOCUMENTATION_COMMENTS = YES;
				CLANG_WARN_EMPTY_BODY = YES;
				CLANG_WARN_ENUM_CONVERSION = YES;
				CLANG_WARN_INFINITE_RECURSION = YES;
				CLANG_WARN_INT_CONVERSION = YES;
				CLANG_WARN_NON_LITERAL_NULL_CONVERSION = YES;
				CLANG_WARN_OBJC_IMPLICIT_RETAIN_SELF = YES;
				CLANG_WARN_OBJC_LITERAL_CONVERSION = YES;
				CLANG_WARN_OBJC_ROOT_CLASS = YES_ERROR;
				CLANG_WARN_QUOTED_INCLUDE_IN_FRAMEWORK_HEADER = YES;
				CLANG_WARN_RANGE_LOOP_ANALYSIS = YES;
				CLANG_WARN_STRICT_PROTOTYPES = YES;
				CLANG_WARN_SUSPICIOUS_MOVE = YES;
				CLANG_WARN_UNGUARDED_AVAILABILITY = YES_AGGRESSIVE;
				CLANG_WARN_UNREACHABLE_CODE = YES;
				CLANG_WARN__DUPLICATE_METHOD_MATCH = YES;
				COPY_PHASE_STRIP = NO;
				DEBUG_INFORMATION_FORMAT = "dwarf-with-dsym";
				ENABLE_NS_ASSERTIONS = NO;
				ENABLE_STRICT_OBJC_MSGSEND = YES;
				GCC_C_LANGUAGE_STANDARD = gnu11;
				GCC_NO_COMMON_BLOCKS = YES;
				GCC_WARN_64_TO_32_BIT_CONVERSION = YES;
				GCC_WARN_ABOUT_RETURN_TYPE = YES_ERROR;
				GCC_WARN_UNDECLARED_SELECTOR = YES;
				GCC_WARN_UNINITIALIZED_AUTOS = YES_AGGRESSIVE;
				GCC_WARN_UNUSED_FUNCTION = YES;
				GCC_WARN_UNUSED_VARIABLE = YES;
				IPHONEOS_DEPLOYMENT_TARGET = 16.2;
				MTL_ENABLE_DEBUG_INFO = NO;
				MTL_FAST_MATH = YES;
				SDKROOT = iphoneos;
				SWIFT_COMPILATION_MODE = wholemodule;
				SWIFT_OPTIMIZATION_LEVEL = "-O";
				VALIDATE_PRODUCT = YES;
			};
			name = Release;
		};
		171A64DE2A18E4A400AF239B /* Debug */ = {
			isa = XCBuildConfiguration;
			buildSettings = {
				ASSETCATALOG_COMPILER_APPICON_NAME = AppIcon;
				ASSETCATALOG_COMPILER_GLOBAL_ACCENT_COLOR_NAME = AccentColor;
				CODE_SIGN_STYLE = Automatic;
				CURRENT_PROJECT_VERSION = 1;
				DEVELOPMENT_TEAM = H5BHKL6637;
				GENERATE_INFOPLIST_FILE = YES;
				INFOPLIST_FILE = movieApp/Info.plist;
				INFOPLIST_KEY_UIApplicationSupportsIndirectInputEvents = YES;
				INFOPLIST_KEY_UILaunchStoryboardName = LaunchScreen;
				INFOPLIST_KEY_UISupportedInterfaceOrientations_iPad = "UIInterfaceOrientationPortrait UIInterfaceOrientationPortraitUpsideDown UIInterfaceOrientationLandscapeLeft UIInterfaceOrientationLandscapeRight";
				INFOPLIST_KEY_UISupportedInterfaceOrientations_iPhone = "UIInterfaceOrientationPortrait UIInterfaceOrientationLandscapeLeft UIInterfaceOrientationLandscapeRight";
				LD_RUNPATH_SEARCH_PATHS = (
					"$(inherited)",
					"@executable_path/Frameworks",
				);
				MARKETING_VERSION = 1.0;
				PRODUCT_BUNDLE_IDENTIFIER = KwonHyeonSeok.movieApp;
				PRODUCT_NAME = "$(TARGET_NAME)";
				SWIFT_EMIT_LOC_STRINGS = YES;
				SWIFT_VERSION = 5.0;
				TARGETED_DEVICE_FAMILY = "1,2";
			};
			name = Debug;
		};
		171A64DF2A18E4A400AF239B /* Release */ = {
			isa = XCBuildConfiguration;
			buildSettings = {
				ASSETCATALOG_COMPILER_APPICON_NAME = AppIcon;
				ASSETCATALOG_COMPILER_GLOBAL_ACCENT_COLOR_NAME = AccentColor;
				CODE_SIGN_STYLE = Automatic;
				CURRENT_PROJECT_VERSION = 1;
				DEVELOPMENT_TEAM = H5BHKL6637;
				GENERATE_INFOPLIST_FILE = YES;
				INFOPLIST_FILE = movieApp/Info.plist;
				INFOPLIST_KEY_UIApplicationSupportsIndirectInputEvents = YES;
				INFOPLIST_KEY_UILaunchStoryboardName = LaunchScreen;
				INFOPLIST_KEY_UISupportedInterfaceOrientations_iPad = "UIInterfaceOrientationPortrait UIInterfaceOrientationPortraitUpsideDown UIInterfaceOrientationLandscapeLeft UIInterfaceOrientationLandscapeRight";
				INFOPLIST_KEY_UISupportedInterfaceOrientations_iPhone = "UIInterfaceOrientationPortrait UIInterfaceOrientationLandscapeLeft UIInterfaceOrientationLandscapeRight";
				LD_RUNPATH_SEARCH_PATHS = (
					"$(inherited)",
					"@executable_path/Frameworks",
				);
				MARKETING_VERSION = 1.0;
				PRODUCT_BUNDLE_IDENTIFIER = KwonHyeonSeok.movieApp;
				PRODUCT_NAME = "$(TARGET_NAME)";
				SWIFT_EMIT_LOC_STRINGS = YES;
				SWIFT_VERSION = 5.0;
				TARGETED_DEVICE_FAMILY = "1,2";
			};
			name = Release;
		};
/* End XCBuildConfiguration section */

/* Begin XCConfigurationList section */
		171A64C42A18E4A300AF239B /* Build configuration list for PBXProject "movieApp" */ = {
			isa = XCConfigurationList;
			buildConfigurations = (
				171A64DB2A18E4A400AF239B /* Debug */,
				171A64DC2A18E4A400AF239B /* Release */,
			);
			defaultConfigurationIsVisible = 0;
			defaultConfigurationName = Release;
		};
		171A64DD2A18E4A400AF239B /* Build configuration list for PBXNativeTarget "movieApp" */ = {
			isa = XCConfigurationList;
			buildConfigurations = (
				171A64DE2A18E4A400AF239B /* Debug */,
				171A64DF2A18E4A400AF239B /* Release */,
			);
			defaultConfigurationIsVisible = 0;
			defaultConfigurationName = Release;
		};
/* End XCConfigurationList section */

/* Begin XCRemoteSwiftPackageReference section */
		171A64E02A18E5F700AF239B /* XCRemoteSwiftPackageReference "SnapKit" */ = {
			isa = XCRemoteSwiftPackageReference;
			repositoryURL = "https://github.com/SnapKit/SnapKit.git";
			requirement = {
				kind = upToNextMajorVersion;
				minimumVersion = 5.0.0;
			};
		};
		171A64E32A18EAE500AF239B /* XCRemoteSwiftPackageReference "Moya" */ = {
			isa = XCRemoteSwiftPackageReference;
			repositoryURL = "https://github.com/Moya/Moya.git";
			requirement = {
				kind = upToNextMajorVersion;
				minimumVersion = 13.0.0;
			};
		};
/* End XCRemoteSwiftPackageReference section */

/* Begin XCSwiftPackageProductDependency section */
		171A64E12A18E5F700AF239B /* SnapKit */ = {
			isa = XCSwiftPackageProductDependency;
			package = 171A64E02A18E5F700AF239B /* XCRemoteSwiftPackageReference "SnapKit" */;
			productName = SnapKit;
		};
		171A64E42A18EAE500AF239B /* Moya */ = {
			isa = XCSwiftPackageProductDependency;
			package = 171A64E32A18EAE500AF239B /* XCRemoteSwiftPackageReference "Moya" */;
			productName = Moya;
		};
/* End XCSwiftPackageProductDependency section */
	};
	rootObject = 171A64C12A18E4A300AF239B /* Project object */;
}
